
Microsoft Visual Studio Solution File, Format Version 12.00
Project("{FAE04EC0-301F-11D3-BF4B-00C04F79EFBC}") = "Lab3PW", "Lab3PW\Lab3PW.csproj", "{86277AC0-C405-4C17-8AD0-136A94C5F66C}"
EndProject
Global
	GlobalSection(SolutionConfigurationPlatforms) = preSolution
		Debug|Any CPU = Debug|Any CPU
		Release|Any CPU = Release|Any CPU
	EndGlobalSection
	GlobalSection(ProjectConfigurationPlatforms) = postSolution
		{86277AC0-C405-4C17-8AD0-136A94C5F66C}.Debug|Any CPU.ActiveCfg = Debug|Any CPU
		{86277AC0-C405-4C17-8AD0-136A94C5F66C}.Debug|Any CPU.Build.0 = Debug|Any CPU
		{86277AC0-C405-4C17-8AD0-136A94C5F66C}.Release|Any CPU.ActiveCfg = Release|Any CPU
		{86277AC0-C405-4C17-8AD0-136A94C5F66C}.Release|Any CPU.Build.0 = Release|Any CPU
	EndGlobalSection
EndGlobal
